#MicroXplorer Configuration settings - do not modify
File.Version=6
GPIO.groupedBy=
KeepUserPlacement=true
Mcu.CPN=STM32C011F6U6TR
Mcu.Family=STM32C0
Mcu.IP0=CORTEX_M0+
Mcu.IP1=NVIC
Mcu.IP2=RCC
Mcu.IP3=SYS
Mcu.IPNb=4
Mcu.Name=STM32C011F(4-6)Ux
Mcu.Package=UFQFPN20
Mcu.Pin0=VP_SYS_VS_Systick
Mcu.PinsNb=1
Mcu.ThirdPartyNb=0
Mcu.UserConstants=
Mcu.UserName=STM32C011F6Ux
MxCube.Version=6.5.0
MxDb.Version=DB.6.0.50
NVIC.ForceEnableDMAVector=true
NVIC.HardFault_IRQn=true\:0\:0\:false\:false\:true\:true\:false\:true
NVIC.NonMaskableInt_IRQn=true\:0\:0\:false\:false\:true\:true\:false\:true
NVIC.PendSV_IRQn=true\:0\:0\:false\:false\:true\:true\:false\:true
NVIC.SVC_IRQn=true\:0\:0\:false\:false\:true\:true\:false\:true
NVIC.SysTick_IRQn=true\:0\:0\:true\:false\:true\:true\:true\:true
PinOutPanel.RotationAngle=0
ProjectManager.AskForMigrate=true
ProjectManager.BackupPrevious=false
ProjectManager.CompilerOptimize=6
ProjectManager.ComputerToolchain=false
ProjectManager.CoupleFile=false
ProjectManager.CustomerFirmwarePackage=..\\..\\..\\..\\..
ProjectManager.DefaultFWLocation=false
ProjectManager.DeletePrevious=true
ProjectManager.DeviceId=STM32C011F6Ux
ProjectManager.FirmwarePackage=STM32Cube FW_C0 V0.2.1
ProjectManager.FreePins=false
ProjectManager.HalAssertFull=false
ProjectManager.HeapSize=0x200
ProjectManager.KeepUserCode=true
ProjectManager.LastFirmware=true
ProjectManager.LibraryCopy=2
ProjectManager.MainLocation=Src
ProjectManager.NoMain=false
ProjectManager.PreviousToolchain=
ProjectManager.ProjectBuild=false
ProjectManager.ProjectFileName=GPIO_EXTI.ioc
ProjectManager.ProjectName=GPIO_EXTI
ProjectManager.RegisterCallBack=
ProjectManager.StackSize=0x400
ProjectManager.TargetToolchain=EWARM V8
ProjectManager.ToolChainLocation=
ProjectManager.UnderRoot=false
ProjectManager.functionlistsort=1-SystemClock_Config-RCC-false-HAL-false,0-MX_CORTEX_M0+_Init-CORTEX_M0+-false-HAL-true
RCC.ADCFreq_Value=48000000
RCC.AHBFreq_Value=48000000
RCC.APBFreq_Value=48000000
RCC.APBTimFreq_Value=48000000
RCC.CortexFreq_Value=48000000
RCC.EXTERNAL_CLOCK_VALUE=12288000
RCC.FCLKCortexFreq_Value=48000000
RCC.FamilyName=M
RCC.HCLKFreq_Value=48000000
RCC.HSE_VALUE=8000000
RCC.HSISYSCLKDivider=RCC_HSI_DIV1
RCC.HSI_VALUE=48000000
RCC.I2C1Freq_Value=48000000
RCC.I2S1Freq_Value=48000000
RCC.IPParameters=ADCFreq_Value,AHBFreq_Value,APBFreq_Value,APBTimFreq_Value,CortexFreq_Value,EXTERNAL_CLOCK_VALUE,FCLKCortexFreq_Value,FamilyName,HCLKFreq_Value,HSE_VALUE,HSISYSCLKDivider,HSI_VALUE,I2C1Freq_Value,I2S1Freq_Value,LSCOPinFreq_Value,LSE_VALUE,LSI_VALUE,MCO1PinFreq_Value,MCO2PinFreq_Value,PWRFreq_Value,SYSCLKFreq_VALUE,USART1Freq_Value
RCC.LSCOPinFreq_Value=32000
RCC.LSE_VALUE=32768
RCC.LSI_VALUE=32000
RCC.MCO1PinFreq_Value=48000000
RCC.MCO2PinFreq_Value=48000000
RCC.PWRFreq_Value=48000000
RCC.SYSCLKFreq_VALUE=48000000
RCC.USART1Freq_Value=48000000
VP_SYS_VS_Systick.Mode=SysTick
VP_SYS_VS_Systick.Signal=SYS_VS_Systick
board=custom
