#MicroXplorer Configuration settings - do not modify
Dma.Request0=SPI1_TX
Dma.Request1=SPI1_RX
Dma.RequestsNb=2
Dma.SPI1_RX.1.Direction=DMA_PERIPH_TO_MEMORY
Dma.SPI1_RX.1.EventEnable=DISABLE
Dma.SPI1_RX.1.Instance=DMA1_Channel2
Dma.SPI1_RX.1.MemDataAlignment=DMA_MDATAALIGN_BYTE
Dma.SPI1_RX.1.MemInc=DMA_MINC_ENABLE
Dma.SPI1_RX.1.Mode=DMA_NORMAL
Dma.SPI1_RX.1.PeriphDataAlignment=DMA_PDATAALIGN_BYTE
Dma.SPI1_RX.1.PeriphInc=DMA_PINC_DISABLE
Dma.SPI1_RX.1.Polarity=HAL_DMAMUX_REQ_GEN_RISING
Dma.SPI1_RX.1.Priority=DMA_PRIORITY_HIGH
Dma.SPI1_RX.1.RequestNumber=1
Dma.SPI1_RX.1.RequestParameters=Instance,Direction,PeriphInc,MemInc,PeriphDataAlignment,MemDataAlignment,Mode,Priority,SignalID,Polarity,RequestNumber,SyncSignalID,SyncPolarity,SyncEnable,EventEnable,SyncRequestNumber
Dma.SPI1_RX.1.SignalID=HAL_DMAMUX1_REQ_GEN_EXTI13
Dma.SPI1_RX.1.SyncEnable=DISABLE
Dma.SPI1_RX.1.SyncPolarity=HAL_DMAMUX_SYNC_NO_EVENT
Dma.SPI1_RX.1.SyncRequestNumber=1
Dma.SPI1_RX.1.SyncSignalID=HAL_DMAMUX1_SYNC_EXTI13
Dma.SPI1_TX.0.Direction=DMA_MEMORY_TO_PERIPH
Dma.SPI1_TX.0.EventEnable=DISABLE
Dma.SPI1_TX.0.Instance=DMA1_Channel1
Dma.SPI1_TX.0.MemDataAlignment=DMA_MDATAALIGN_BYTE
Dma.SPI1_TX.0.MemInc=DMA_MINC_ENABLE
Dma.SPI1_TX.0.Mode=DMA_NORMAL
Dma.SPI1_TX.0.PeriphDataAlignment=DMA_PDATAALIGN_BYTE
Dma.SPI1_TX.0.PeriphInc=DMA_PINC_DISABLE
Dma.SPI1_TX.0.Polarity=HAL_DMAMUX_REQ_GEN_RISING
Dma.SPI1_TX.0.Priority=DMA_PRIORITY_HIGH
Dma.SPI1_TX.0.RequestNumber=1
Dma.SPI1_TX.0.RequestParameters=Instance,Direction,PeriphInc,MemInc,PeriphDataAlignment,MemDataAlignment,Mode,Priority,SignalID,Polarity,RequestNumber,SyncSignalID,SyncPolarity,SyncEnable,EventEnable,SyncRequestNumber
Dma.SPI1_TX.0.SignalID=HAL_DMAMUX1_REQ_GEN_EXTI13
Dma.SPI1_TX.0.SyncEnable=DISABLE
Dma.SPI1_TX.0.SyncPolarity=HAL_DMAMUX_SYNC_NO_EVENT
Dma.SPI1_TX.0.SyncRequestNumber=1
Dma.SPI1_TX.0.SyncSignalID=HAL_DMAMUX1_SYNC_EXTI13
File.Version=6
GPIO.groupedBy=
KeepUserPlacement=true
Mcu.CPN=STM32C031C6T6
Mcu.Family=STM32C0
Mcu.IP0=CORTEX_M0+
Mcu.IP1=DMA
Mcu.IP2=NVIC
Mcu.IP3=RCC
Mcu.IP4=SPI1
Mcu.IP5=SYS
Mcu.IP6=USART1
Mcu.IPNb=7
Mcu.Name=STM32C031C(4-6)Tx
Mcu.Package=LQFP48
Mcu.Pin0=PC13
Mcu.Pin1=PA5
Mcu.Pin2=PA9
Mcu.Pin3=PA10
Mcu.Pin4=PA12 [PA10]
Mcu.Pin5=PB3
Mcu.Pin6=PB4
Mcu.Pin7=PB5
Mcu.Pin8=VP_SYS_VS_Systick
Mcu.PinsNb=9
Mcu.ThirdPartyNb=0
Mcu.UserConstants=
Mcu.UserName=STM32C031C6Tx
MxCube.Version=6.5.0
MxDb.Version=DB.6.0.50
NVIC.DMA1_Channel1_IRQn=true\:0\:0\:false\:false\:true\:false\:true\:true
NVIC.DMA1_Channel2_3_IRQn=true\:0\:0\:false\:false\:true\:false\:true\:true
NVIC.EXTI4_15_IRQn=true\:0\:0\:false\:false\:true\:true\:true\:true
NVIC.ForceEnableDMAVector=true
NVIC.HardFault_IRQn=true\:0\:0\:false\:false\:true\:false\:false\:true
NVIC.NonMaskableInt_IRQn=true\:0\:0\:false\:false\:true\:false\:false\:true
NVIC.PendSV_IRQn=true\:0\:0\:false\:false\:true\:false\:false\:true
NVIC.SVC_IRQn=true\:0\:0\:false\:false\:true\:false\:false\:true
NVIC.SysTick_IRQn=true\:0\:0\:false\:false\:true\:false\:true\:true
NVIC.USART1_IRQn=true\:0\:0\:false\:false\:true\:true\:true\:true
PA10.GPIOParameters=GPIO_Speed,GPIO_PuPd
PA10.GPIO_PuPd=GPIO_PULLDOWN
PA10.GPIO_Speed=GPIO_SPEED_FREQ_HIGH
PA10.Locked=true
PA10.Mode=Synchronous
PA10.Signal=USART1_RX
PA12\ [PA10].GPIOParameters=GPIO_Speed,GPIO_PuPd
PA12\ [PA10].GPIO_PuPd=GPIO_PULLDOWN
PA12\ [PA10].GPIO_Speed=GPIO_SPEED_FREQ_HIGH
PA12\ [PA10].Locked=true
PA12\ [PA10].Mode=Synchronous
PA12\ [PA10].Signal=USART1_CK
PA5.GPIOParameters=GPIO_PuPd,GPIO_Label
PA5.GPIO_Label=LED4
PA5.GPIO_PuPd=GPIO_NOPULL
PA5.Locked=true
PA5.Signal=GPIO_Output
PA9.GPIOParameters=GPIO_Speed,GPIO_PuPd
PA9.GPIO_PuPd=GPIO_PULLDOWN
PA9.GPIO_Speed=GPIO_SPEED_FREQ_HIGH
PA9.Locked=true
PA9.Mode=Synchronous
PA9.Signal=USART1_TX
PB3.GPIOParameters=GPIO_Speed,GPIO_PuPd
PB3.GPIO_PuPd=GPIO_PULLDOWN
PB3.GPIO_Speed=GPIO_SPEED_FREQ_HIGH
PB3.Locked=true
PB3.Mode=Full_Duplex_Slave
PB3.Signal=SPI1_SCK
PB4.GPIOParameters=GPIO_Speed,GPIO_PuPd
PB4.GPIO_PuPd=GPIO_PULLDOWN
PB4.GPIO_Speed=GPIO_SPEED_FREQ_HIGH
PB4.Locked=true
PB4.Mode=Full_Duplex_Slave
PB4.Signal=SPI1_MISO
PB5.GPIOParameters=GPIO_Speed,GPIO_PuPd
PB5.GPIO_PuPd=GPIO_PULLDOWN
PB5.GPIO_Speed=GPIO_SPEED_FREQ_HIGH
PB5.Locked=true
PB5.Mode=Full_Duplex_Slave
PB5.Signal=SPI1_MOSI
PC13.GPIOParameters=GPIO_Label,GPIO_ModeDefaultEXTI
PC13.GPIO_Label=USER_BUTTON
PC13.GPIO_ModeDefaultEXTI=GPIO_MODE_IT_FALLING
PC13.Locked=true
PC13.Signal=GPXTI13
PinOutPanel.RotationAngle=0
ProjectManager.AskForMigrate=true
ProjectManager.BackupPrevious=false
ProjectManager.CompilerOptimize=6
ProjectManager.ComputerToolchain=false
ProjectManager.CoupleFile=false
ProjectManager.CustomerFirmwarePackage=..\\..\\..\\..\\..
ProjectManager.DefaultFWLocation=false
ProjectManager.DeletePrevious=true
ProjectManager.DeviceId=STM32C031C6Tx
ProjectManager.FirmwarePackage=STM32Cube FW_C0 V0.2.1
ProjectManager.FreePins=false
ProjectManager.HalAssertFull=false
ProjectManager.HeapSize=0x200
ProjectManager.KeepUserCode=true
ProjectManager.LastFirmware=true
ProjectManager.LibraryCopy=2
ProjectManager.MainLocation=Src
ProjectManager.NoMain=false
ProjectManager.PreviousToolchain=
ProjectManager.ProjectBuild=false
ProjectManager.ProjectFileName=USART_SyncCommunication_FullDuplex_IT_Init.ioc
ProjectManager.ProjectName=USART_SyncCommunication_FullDuplex_IT_Init
ProjectManager.RegisterCallBack=
ProjectManager.StackSize=0x400
ProjectManager.TargetToolchain=EWARM V8
ProjectManager.ToolChainLocation=
ProjectManager.UnderRoot=false
ProjectManager.functionlistsort=1-MX_GPIO_Init-GPIO-false-LL-true,2-MX_DMA_Init-DMA-false-LL-true,3-SystemClock_Config-RCC-false-LL-false,4-MX_USART1_Init-USART1-false-LL-true,5-MX_SPI1_Init-SPI1-false-LL-true,0-MX_CORTEX_M0+_Init-CORTEX_M0+-false-LL-true
RCC.ADCFreq_Value=48000000
RCC.AHBFreq_Value=48000000
RCC.APBFreq_Value=48000000
RCC.APBTimFreq_Value=48000000
RCC.CortexFreq_Value=48000000
RCC.EXTERNAL_CLOCK_VALUE=12288000
RCC.FCLKCortexFreq_Value=48000000
RCC.FamilyName=M
RCC.HCLKFreq_Value=48000000
RCC.HSE_VALUE=8000000
RCC.HSISYSCLKDivider=RCC_HSI_DIV1
RCC.HSI_VALUE=48000000
RCC.I2C1Freq_Value=48000000
RCC.I2S1Freq_Value=48000000
RCC.IPParameters=ADCFreq_Value,AHBFreq_Value,APBFreq_Value,APBTimFreq_Value,CortexFreq_Value,EXTERNAL_CLOCK_VALUE,FCLKCortexFreq_Value,FamilyName,HCLKFreq_Value,HSE_VALUE,HSISYSCLKDivider,HSI_VALUE,I2C1Freq_Value,I2S1Freq_Value,LSCOPinFreq_Value,LSE_VALUE,LSI_VALUE,MCO1PinFreq_Value,MCO2PinFreq_Value,PWRFreq_Value,SYSCLKFreq_VALUE,SYSDIV,USART1CLockSelection,USART1Freq_Value
RCC.LSCOPinFreq_Value=32000
RCC.LSE_VALUE=32768
RCC.LSI_VALUE=32000
RCC.MCO1PinFreq_Value=48000000
RCC.MCO2PinFreq_Value=48000000
RCC.PWRFreq_Value=48000000
RCC.SYSCLKFreq_VALUE=48000000
RCC.SYSDIV=1
RCC.USART1CLockSelection=RCC_USART1CLKSOURCE_HSIKER
RCC.USART1Freq_Value=48000000
SH.GPXTI13.0=GPIO_EXTI13
SH.GPXTI13.ConfNb=1
SPI1.CLKPhase=SPI_PHASE_2EDGE
SPI1.CLKPolarity=SPI_POLARITY_LOW
SPI1.CRCCalculation=SPI_CRCCALCULATION_DISABLE
SPI1.DataSize=SPI_DATASIZE_8BIT
SPI1.Direction=SPI_DIRECTION_2LINES
SPI1.FirstBit=SPI_FIRSTBIT_LSB
SPI1.IPParameters=TIMode,DataSize,FirstBit,CLKPolarity,CLKPhase,CRCCalculation,NSS,VirtualType,Mode,Direction
SPI1.Mode=SPI_MODE_SLAVE
SPI1.NSS=SPI_NSS_SOFT
SPI1.TIMode=SPI_TIMODE_DISABLE
SPI1.VirtualType=VM_SLAVE
USART1.BaudRate=115200
USART1.CLKLastBit=USART_LASTBIT_ENABLE
USART1.CLKPhase=USART_PHASE_2EDGE
USART1.CLKPolarity=USART_POLARITY_LOW
USART1.ClockPrescaler=PRESCALER_DIV1
USART1.FIFOMode=FIFOMODE_DISABLE
USART1.IPParameters=BaudRate,WordLength,Parity,StopBits,Mode,ClockPrescaler,SlaveMode,FIFOMode,TXFIFOThreshold,RXFIFOThreshold,CLKPolarity,CLKPhase,CLKLastBit,VirtualMode-Synchronous
USART1.Mode=MODE_TX_RX
USART1.Parity=PARITY_NONE
USART1.RXFIFOThreshold=RXFIFO_THRESHOLD_1QUARTERFULL
USART1.SlaveMode=USART_SLAVEMODE_DISABLE
USART1.StopBits=STOPBITS_1
USART1.TXFIFOThreshold=TXFIFO_THRESHOLD_1QUARTERFULL
USART1.VirtualMode-Synchronous=VM_SYNC
USART1.WordLength=WORDLENGTH_8B
VP_SYS_VS_Systick.Mode=SysTick
VP_SYS_VS_Systick.Signal=SYS_VS_Systick
board=custom
