#MicroXplorer Configuration settings - do not modify
BSP_IP_NAME=NUCLEO-C071RB
CAD.formats=
CAD.pinconfig=
CAD.provider=
File.Version=6
GPIO.groupedBy=Group By Peripherals
KeepUserPlacement=false
Mcu.CPN=STM32C071RBT6
Mcu.Family=STM32C0
Mcu.IP0=CORTEX_M0+
Mcu.IP1=NVIC
Mcu.IP2=RCC
Mcu.IP3=SYS
Mcu.IP4=USB
Mcu.IP5=USBX
Mcu.IP6=NUCLEO-C071RB
Mcu.IPNb=7
Mcu.Name=STM32C071RBTx
Mcu.Package=LQFP64_GP
Mcu.Pin0=PC13
Mcu.Pin1=PA11 [PA9]
Mcu.Pin2=PA12 [PA10]
Mcu.Pin3=VP_RCC_USB
Mcu.Pin4=VP_SYS_VS_Systick
Mcu.Pin5=VP_USBX_Core_System
Mcu.Pin6=VP_USBX_UX Device CoreStack_FS
Mcu.Pin7=VP_USBX_UX Device Controller_FS
Mcu.Pin8=VP_USBX_UX Device HID_CORE_FS
Mcu.Pin9=VP_USBX_UX Device HID_MOUSE_FS
Mcu.PinsNb=10
Mcu.ThirdPartyNb=0
Mcu.UserConstants=
Mcu.UserName=STM32C071RBTx
MxCube.Version=6.12.0
MxDb.Version=DB.6.0.120
NVIC.EXTI4_15_IRQn=true\:1\:0\:true\:false\:true\:true\:true\:true
NVIC.ForceEnableDMAVector=true
NVIC.HardFault_IRQn=true\:0\:0\:false\:false\:true\:false\:false\:false
NVIC.NonMaskableInt_IRQn=true\:0\:0\:false\:false\:true\:false\:false\:false
NVIC.PendSV_IRQn=true\:0\:0\:false\:false\:true\:false\:false\:false
NVIC.SVCall_IRQn=true\:0\:0\:false\:false\:true\:false\:false\:false
NVIC.SysTick_IRQn=true\:0\:0\:false\:false\:true\:false\:true\:false
NVIC.USB_DRD_FS_IRQn=true\:2\:0\:true\:false\:true\:true\:true\:true
PA11\ [PA9].Mode=Device
PA11\ [PA9].Signal=USB_DM
PA12\ [PA10].Mode=Device
PA12\ [PA10].Signal=USB_DP
PC13.GPIOParameters=GPIO_PuPd,GPIO_ModeDefaultEXTI
PC13.GPIO_ModeDefaultEXTI=GPIO_MODE_IT_FALLING
PC13.GPIO_PuPd=GPIO_PULLUP
PC13.Locked=true
PC13.Signal=GPXTI13
PinOutPanel.RotationAngle=0
ProjectManager.AskForMigrate=true
ProjectManager.BackupPrevious=false
ProjectManager.CompilerOptimize=6
ProjectManager.ComputerToolchain=false
ProjectManager.CoupleFile=false
ProjectManager.DeletePrevious=true
ProjectManager.DeviceId=STM32C071RBTx
ProjectManager.FreePins=false
ProjectManager.HalAssertFull=false
ProjectManager.HeapSize=0x200
ProjectManager.KeepUserCode=true
ProjectManager.LastFirmware=true
ProjectManager.LibraryCopy=2
ProjectManager.MainLocation=Core/Src
ProjectManager.NoMain=false
ProjectManager.PreviousToolchain=
ProjectManager.ProjectBuild=false
ProjectManager.ProjectFileName=Ux_Device_HID_Standalone.ioc
ProjectManager.ProjectName=Ux_Device_HID_Standalone
ProjectManager.ProjectStructure=
ProjectManager.RegisterCallBack=
ProjectManager.StackSize=0x400
ProjectManager.TargetToolchain=EWARM V9.20
ProjectManager.ToolChainLocation=
ProjectManager.UAScriptAfterPath=
ProjectManager.UAScriptBeforePath=
ProjectManager.UnderRoot=false
ProjectManager.functionlistsort=1-SystemClock_Config-RCC-false-HAL-false,2-MX_GPIO_Init-GPIO-false-HAL-true,3-MX_USBX_Init-USBX-false-HAL-false,4-MX_USB_PCD_Init-USB-true-HAL-false,0-MX_CORTEX_M0+_Init-CORTEX_M0+-false-HAL-true
RCC.ADCFreq_Value=48000000
RCC.AHBFreq_Value=48000000
RCC.APBFreq_Value=48000000
RCC.APBTimFreq_Value=48000000
RCC.CortexFreq_Value=48000000
RCC.EXTERNAL_CLOCK_VALUE=12288000
RCC.FCLKCortexFreq_Value=48000000
RCC.FamilyName=M
RCC.HCLKFreq_Value=48000000
RCC.HSE_VALUE=8000000
RCC.HSI48_VALUE=48000000
RCC.HSIKERCLKDivider=RCC_HSIKER_DIV1
RCC.HSISYSCLKDivider=RCC_HSI_DIV1
RCC.HSI_VALUE=48000000
RCC.I2C1Freq_Value=48000000
RCC.I2S1Freq_Value=48000000
RCC.IPParameters=ADCFreq_Value,AHBFreq_Value,APBFreq_Value,APBTimFreq_Value,CortexFreq_Value,EXTERNAL_CLOCK_VALUE,FCLKCortexFreq_Value,FamilyName,HCLKFreq_Value,HSE_VALUE,HSI48_VALUE,HSIKERCLKDivider,HSISYSCLKDivider,HSI_VALUE,I2C1Freq_Value,I2S1Freq_Value,LSCOPinFreq_Value,LSE_VALUE,LSI_VALUE,MCO1PinFreq_Value,MCO2PinFreq_Value,PWRFreq_Value,SYSCLKFreq_VALUE,USART1Freq_Value
RCC.LSCOPinFreq_Value=32000
RCC.LSE_VALUE=32768
RCC.LSI_VALUE=32000
RCC.MCO1PinFreq_Value=48000000
RCC.MCO2PinFreq_Value=48000000
RCC.PWRFreq_Value=48000000
RCC.SYSCLKFreq_VALUE=48000000
RCC.USART1Freq_Value=48000000
SH.GPXTI13.0=GPIO_EXTI13
SH.GPXTI13.ConfNb=1
USB.IPParameters=VirtualMode
USB.VirtualMode=Device_Only
USBX.Core_System=1
USBX.IPParameters=Core_System,UX_Device_CoreStack,USBX_DEVICE_SYS_SIZE,USBD_PID,USBD_PRODUCT_STRING,USBD_SERIAL_NUMBER,UX_SLAVE_REQUEST_DATA_MAX_LENGTH,UX_DEVICE_APP_MEM_POOL_SIZE,UX_Device_Controller,UX_DEVICE_HID_CORE,UX_DEVICE_HID_MOUSE,USBD_COMPOSITE_USE_IAD,UX_DEVICE_APP_MEM_POOL_SIZE_STANDALONE,REG_USBX_DEVICE_CON_CK,UX_ENABLE_ASSERT
USBX.REG_USBX_DEVICE_CON_CK=0
USBX.USBD_COMPOSITE_USE_IAD=0
USBX.USBD_PID=22288
USBX.USBD_PRODUCT_STRING=STM32 HID Mouse Device
USBX.USBD_SERIAL_NUMBER=HID001
USBX.USBX_DEVICE_SYS_SIZE=3*1024
USBX.UX_DEVICE_APP_MEM_POOL_SIZE=7168
USBX.UX_DEVICE_APP_MEM_POOL_SIZE_STANDALONE=3*1024
USBX.UX_DEVICE_HID_CORE=1
USBX.UX_DEVICE_HID_MOUSE=1
USBX.UX_Device_Controller=1
USBX.UX_Device_CoreStack=1
USBX.UX_ENABLE_ASSERT=0
USBX.UX_SLAVE_REQUEST_DATA_MAX_LENGTH=64
VP_RCC_USB.Mode=CRS SYNC Source USB
VP_RCC_USB.Signal=RCC_USB
VP_SYS_VS_Systick.Mode=SysTick
VP_SYS_VS_Systick.Signal=SYS_VS_Systick
VP_USBX_Core_System.Mode=Core_System
VP_USBX_Core_System.Signal=USBX_Core_System
VP_USBX_UX\ Device\ Controller_FS.Mode=UX_Device_Controller_FS
VP_USBX_UX\ Device\ Controller_FS.Signal=USBX_UX Device Controller_FS
VP_USBX_UX\ Device\ CoreStack_FS.Mode=UX_Device_CoreStack_FS
VP_USBX_UX\ Device\ CoreStack_FS.Signal=USBX_UX Device CoreStack_FS
VP_USBX_UX\ Device\ HID_CORE_FS.Mode=UX_Device_class_HID_CORE_FS
VP_USBX_UX\ Device\ HID_CORE_FS.Signal=USBX_UX Device HID_CORE_FS
VP_USBX_UX\ Device\ HID_MOUSE_FS.Mode=UX_Device_class_HID_MOUSE_FS
VP_USBX_UX\ Device\ HID_MOUSE_FS.Signal=USBX_UX Device HID_MOUSE_FS
board=NUCLEO-C071RB
boardIOC=true
ProjectManager.Example=Ux_Device_HID_Standalone
ProjectManager.ExampleSource=CubeFw
